{
  "originHash": "java-pocket-isolated-target",
  "pins": [
    {
      "identity": "gcdwebserver",
      "kind": "remoteSourceControl",
      "location": "https://github.com/Daiuno/GCDWebServer.git",
      "state": {
        "branch": "master",
        "revision": "ae1c203debf02652a14796ec58320d31afeafe79"
      }
    },
    {
      "identity": "zipfoundation",
      "kind": "remoteSourceControl",
      "location": "https://github.com/Daiuno/ZIPFoundation.git",
      "state": {
        "branch": "development",
        "revision": "adbce8c3127962d05260c05c0e0ff49394d943f7"
      }
    }
  ],
  "version": 3
}
